
Microsoft Visual Studio Solution File, Format Version 12.00
# Visual Studio 15
VisualStudioVersion = 15.0.27130.2036
MinimumVisualStudioVersion = 10.0.40219.1
Project("{FAE04EC0-301F-11D3-BF4B-00C04F79EFBC}") = "RestClient", "RestClient\RestClient.csproj", "{4BD46848-C9EA-452F-817C-59DB3DC1994A}"
EndProject
Global
	GlobalSection(SolutionConfigurationPlatforms) = preSolution
		Debug|Any CPU = Debug|Any CPU
		Release|Any CPU = Release|Any CPU
	EndGlobalSection
	GlobalSection(ProjectConfigurationPlatforms) = postSolution
		{4BD46848-C9EA-452F-817C-59DB3DC1994A}.Debug|Any CPU.ActiveCfg = Debug|Any CPU
		{4BD46848-C9EA-452F-817C-59DB3DC1994A}.Debug|Any CPU.Build.0 = Debug|Any CPU
		{4BD46848-C9EA-452F-817C-59DB3DC1994A}.Release|Any CPU.ActiveCfg = Release|Any CPU
		{4BD46848-C9EA-452F-817C-59DB3DC1994A}.Release|Any CPU.Build.0 = Release|Any CPU
	EndGlobalSection
	GlobalSection(SolutionProperties) = preSolution
		HideSolutionNode = FALSE
	EndGlobalSection
	GlobalSection(ExtensibilityGlobals) = postSolution
		SolutionGuid = {F1843F08-179C-4357-A42A-67C708062604}
	EndGlobalSection
EndGlobal
